// !$*UTF8*$!
{
	archiveVersion = 1;
	classes = {
	};
	objectVersion = 51;
	objects = {

/* Begin PBXBuildFile section */
		076906FB0BB72B5FEC5E29A9 /* Pods_QuickRepsTests.framework in Frameworks */ = {isa = PBXBuildFile; fileRef = EED3C30D15E4AE2CB695EB31 /* Pods_QuickRepsTests.framework */; };
		A408A3A96A9C95DE6F17F21A /* Pods_QuickReps_QuickRepsUITests.framework in Frameworks */ = {isa = PBXBuildFile; fileRef = 9FB0ACEFE4432A797797489B /* Pods_QuickReps_QuickRepsUITests.framework */; };
		AD20CC6A234A2AB8007FFD17 /* CardDataControllerTests.swift in Sources */ = {isa = PBXBuildFile; fileRef = AD20CC69234A2AB8007FFD17 /* CardDataControllerTests.swift */; };
		AD44895C233648E2009FBB98 /* CardDataController.swift in Sources */ = {isa = PBXBuildFile; fileRef = AD44895B233648E2009FBB98 /* CardDataController.swift */; };
		AD474066233E8F22003F455C /* Queue.swift in Sources */ = {isa = PBXBuildFile; fileRef = AD474065233E8F22003F455C /* Queue.swift */; };
		AD474068233E9AF9003F455C /* UserManager.swift in Sources */ = {isa = PBXBuildFile; fileRef = AD474067233E9AF9003F455C /* UserManager.swift */; };
		AD47406A233F65B5003F455C /* UILabelX.swift in Sources */ = {isa = PBXBuildFile; fileRef = AD474069233F65B5003F455C /* UILabelX.swift */; };
		AD54219B235B51BB0020442D /* StringExtension.swift in Sources */ = {isa = PBXBuildFile; fileRef = AD54219A235B51BB0020442D /* StringExtension.swift */; };
		ADBBD144233407C4007B9366 /* EditCardViewController.swift in Sources */ = {isa = PBXBuildFile; fileRef = ADBBD143233407C4007B9366 /* EditCardViewController.swift */; };
		ADBBD14623340855007B9366 /* EditCardStackView.swift in Sources */ = {isa = PBXBuildFile; fileRef = ADBBD14523340855007B9366 /* EditCardStackView.swift */; };
		ADC56C192343D916005D0212 /* UITextViewX.swift in Sources */ = {isa = PBXBuildFile; fileRef = ADC56C182343D916005D0212 /* UITextViewX.swift */; };
		ADC56C1B2343DE9A005D0212 /* ColorManager.swift in Sources */ = {isa = PBXBuildFile; fileRef = ADC56C1A2343DE9A005D0212 /* ColorManager.swift */; };
		ADE6CF14231C09F400BC793E /* AppDelegate.swift in Sources */ = {isa = PBXBuildFile; fileRef = ADE6CF13231C09F400BC793E /* AppDelegate.swift */; };
		ADE6CF16231C09F400BC793E /* ViewController.swift in Sources */ = {isa = PBXBuildFile; fileRef = ADE6CF15231C09F400BC793E /* ViewController.swift */; };
		ADE6CF19231C09F400BC793E /* Main.storyboard in Resources */ = {isa = PBXBuildFile; fileRef = ADE6CF17231C09F400BC793E /* Main.storyboard */; };
		ADE6CF1C231C09F400BC793E /* QuickReps.xcdatamodeld in Sources */ = {isa = PBXBuildFile; fileRef = ADE6CF1A231C09F400BC793E /* QuickReps.xcdatamodeld */; };
		ADE6CF1E231C09F600BC793E /* Assets.xcassets in Resources */ = {isa = PBXBuildFile; fileRef = ADE6CF1D231C09F600BC793E /* Assets.xcassets */; };
		ADE6CF21231C09F600BC793E /* LaunchScreen.storyboard in Resources */ = {isa = PBXBuildFile; fileRef = ADE6CF1F231C09F600BC793E /* LaunchScreen.storyboard */; };
		ADE6CF2C231C09F600BC793E /* QuickRepsTests.swift in Sources */ = {isa = PBXBuildFile; fileRef = ADE6CF2B231C09F600BC793E /* QuickRepsTests.swift */; };
		ADE6CF37231C09F600BC793E /* QuickRepsUITests.swift in Sources */ = {isa = PBXBuildFile; fileRef = ADE6CF36231C09F600BC793E /* QuickRepsUITests.swift */; };
		ADE6CF45231C0EF600BC793E /* CardStackView.swift in Sources */ = {isa = PBXBuildFile; fileRef = ADE6CF44231C0EF600BC793E /* CardStackView.swift */; };
		ADE6CF47231C20E200BC793E /* Card.swift in Sources */ = {isa = PBXBuildFile; fileRef = ADE6CF46231C20E200BC793E /* Card.swift */; };
		ADE6CF492332C5F100BC793E /* CardTableViewController.swift in Sources */ = {isa = PBXBuildFile; fileRef = ADE6CF482332C5F100BC793E /* CardTableViewController.swift */; };
		ADE9E2AD23410498000AE6F5 /* TableHeaderFooterView.swift in Sources */ = {isa = PBXBuildFile; fileRef = ADE9E2AC23410498000AE6F5 /* TableHeaderFooterView.swift */; };
		B61A5E202D148837325288AA /* Pods_QuickReps.framework in Frameworks */ = {isa = PBXBuildFile; fileRef = 4BCF676BC08F1E3D67B0E410 /* Pods_QuickReps.framework */; };
/* End PBXBuildFile section */

/* Begin PBXContainerItemProxy section */
		ADE6CF28231C09F600BC793E /* PBXContainerItemProxy */ = {
			isa = PBXContainerItemProxy;
			containerPortal = ADE6CF08231C09F400BC793E /* Project object */;
			proxyType = 1;
			remoteGlobalIDString = ADE6CF0F231C09F400BC793E;
			remoteInfo = QuickReps;
		};
		ADE6CF33231C09F600BC793E /* PBXContainerItemProxy */ = {
			isa = PBXContainerItemProxy;
			containerPortal = ADE6CF08231C09F400BC793E /* Project object */;
			proxyType = 1;
			remoteGlobalIDString = ADE6CF0F231C09F400BC793E;
			remoteInfo = QuickReps;
		};
/* End PBXContainerItemProxy section */

/* Begin PBXFileReference section */
		4BCF676BC08F1E3D67B0E410 /* Pods_QuickReps.framework */ = {isa = PBXFileReference; explicitFileType = wrapper.framework; includeInIndex = 0; path = Pods_QuickReps.framework; sourceTree = BUILT_PRODUCTS_DIR; };
		5F5C9A7EF886A1BFD9925A6E /* Pods-QuickRepsTests.debug.xcconfig */ = {isa = PBXFileReference; includeInIndex = 1; lastKnownFileType = text.xcconfig; name = "Pods-QuickRepsTests.debug.xcconfig"; path = "Target Support Files/Pods-QuickRepsTests/Pods-QuickRepsTests.debug.xcconfig"; sourceTree = "<group>"; };
		911819161E95DF52B80487F6 /* Pods-QuickReps.debug.xcconfig */ = {isa = PBXFileReference; includeInIndex = 1; lastKnownFileType = text.xcconfig; name = "Pods-QuickReps.debug.xcconfig"; path = "Target Support Files/Pods-QuickReps/Pods-QuickReps.debug.xcconfig"; sourceTree = "<group>"; };
		9FB0ACEFE4432A797797489B /* Pods_QuickReps_QuickRepsUITests.framework */ = {isa = PBXFileReference; explicitFileType = wrapper.framework; includeInIndex = 0; path = Pods_QuickReps_QuickRepsUITests.framework; sourceTree = BUILT_PRODUCTS_DIR; };
		AA70B54C38DD98A214BB100F /* Pods-QuickRepsTests.release.xcconfig */ = {isa = PBXFileReference; includeInIndex = 1; lastKnownFileType = text.xcconfig; name = "Pods-QuickRepsTests.release.xcconfig"; path = "Target Support Files/Pods-QuickRepsTests/Pods-QuickRepsTests.release.xcconfig"; sourceTree = "<group>"; };
		AD20CC69234A2AB8007FFD17 /* CardDataControllerTests.swift */ = {isa = PBXFileReference; lastKnownFileType = sourcecode.swift; path = CardDataControllerTests.swift; sourceTree = "<group>"; };
		AD44895B233648E2009FBB98 /* CardDataController.swift */ = {isa = PBXFileReference; lastKnownFileType = sourcecode.swift; path = CardDataController.swift; sourceTree = "<group>"; };
		AD474065233E8F22003F455C /* Queue.swift */ = {isa = PBXFileReference; lastKnownFileType = sourcecode.swift; path = Queue.swift; sourceTree = "<group>"; };
		AD474067233E9AF9003F455C /* UserManager.swift */ = {isa = PBXFileReference; lastKnownFileType = sourcecode.swift; path = UserManager.swift; sourceTree = "<group>"; };
		AD474069233F65B5003F455C /* UILabelX.swift */ = {isa = PBXFileReference; lastKnownFileType = sourcecode.swift; path = UILabelX.swift; sourceTree = "<group>"; };
		AD54219A235B51BB0020442D /* StringExtension.swift */ = {isa = PBXFileReference; lastKnownFileType = sourcecode.swift; path = StringExtension.swift; sourceTree = "<group>"; };
		ADBBD143233407C4007B9366 /* EditCardViewController.swift */ = {isa = PBXFileReference; lastKnownFileType = sourcecode.swift; path = EditCardViewController.swift; sourceTree = "<group>"; };
		ADBBD14523340855007B9366 /* EditCardStackView.swift */ = {isa = PBXFileReference; lastKnownFileType = sourcecode.swift; path = EditCardStackView.swift; sourceTree = "<group>"; };
		ADC56C182343D916005D0212 /* UITextViewX.swift */ = {isa = PBXFileReference; lastKnownFileType = sourcecode.swift; path = UITextViewX.swift; sourceTree = "<group>"; };
		ADC56C1A2343DE9A005D0212 /* ColorManager.swift */ = {isa = PBXFileReference; lastKnownFileType = sourcecode.swift; path = ColorManager.swift; sourceTree = "<group>"; };
		ADE6CF10231C09F400BC793E /* QuickReps.app */ = {isa = PBXFileReference; explicitFileType = wrapper.application; includeInIndex = 0; path = QuickReps.app; sourceTree = BUILT_PRODUCTS_DIR; };
		ADE6CF13231C09F400BC793E /* AppDelegate.swift */ = {isa = PBXFileReference; lastKnownFileType = sourcecode.swift; path = AppDelegate.swift; sourceTree = "<group>"; };
		ADE6CF15231C09F400BC793E /* ViewController.swift */ = {isa = PBXFileReference; lastKnownFileType = sourcecode.swift; path = ViewController.swift; sourceTree = "<group>"; };
		ADE6CF18231C09F400BC793E /* Base */ = {isa = PBXFileReference; lastKnownFileType = file.storyboard; name = Base; path = Base.lproj/Main.storyboard; sourceTree = "<group>"; };
		ADE6CF1B231C09F400BC793E /* QuickReps.xcdatamodel */ = {isa = PBXFileReference; lastKnownFileType = wrapper.xcdatamodel; path = QuickReps.xcdatamodel; sourceTree = "<group>"; };
		ADE6CF1D231C09F600BC793E /* Assets.xcassets */ = {isa = PBXFileReference; lastKnownFileType = folder.assetcatalog; path = Assets.xcassets; sourceTree = "<group>"; };
		ADE6CF20231C09F600BC793E /* Base */ = {isa = PBXFileReference; lastKnownFileType = file.storyboard; name = Base; path = Base.lproj/LaunchScreen.storyboard; sourceTree = "<group>"; };
		ADE6CF22231C09F600BC793E /* Info.plist */ = {isa = PBXFileReference; lastKnownFileType = text.plist.xml; path = Info.plist; sourceTree = "<group>"; };
		ADE6CF27231C09F600BC793E /* QuickRepsTests.xctest */ = {isa = PBXFileReference; explicitFileType = wrapper.cfbundle; includeInIndex = 0; path = QuickRepsTests.xctest; sourceTree = BUILT_PRODUCTS_DIR; };
		ADE6CF2B231C09F600BC793E /* QuickRepsTests.swift */ = {isa = PBXFileReference; lastKnownFileType = sourcecode.swift; path = QuickRepsTests.swift; sourceTree = "<group>"; };
		ADE6CF2D231C09F600BC793E /* Info.plist */ = {isa = PBXFileReference; lastKnownFileType = text.plist.xml; path = Info.plist; sourceTree = "<group>"; };
		ADE6CF32231C09F600BC793E /* QuickRepsUITests.xctest */ = {isa = PBXFileReference; explicitFileType = wrapper.cfbundle; includeInIndex = 0; path = QuickRepsUITests.xctest; sourceTree = BUILT_PRODUCTS_DIR; };
		ADE6CF36231C09F600BC793E /* QuickRepsUITests.swift */ = {isa = PBXFileReference; lastKnownFileType = sourcecode.swift; path = QuickRepsUITests.swift; sourceTree = "<group>"; };
		ADE6CF38231C09F600BC793E /* Info.plist */ = {isa = PBXFileReference; lastKnownFileType = text.plist.xml; path = Info.plist; sourceTree = "<group>"; };
		ADE6CF44231C0EF600BC793E /* CardStackView.swift */ = {isa = PBXFileReference; lastKnownFileType = sourcecode.swift; path = CardStackView.swift; sourceTree = "<group>"; };
		ADE6CF46231C20E200BC793E /* Card.swift */ = {isa = PBXFileReference; lastKnownFileType = sourcecode.swift; path = Card.swift; sourceTree = "<group>"; };
		ADE6CF482332C5F100BC793E /* CardTableViewController.swift */ = {isa = PBXFileReference; lastKnownFileType = sourcecode.swift; path = CardTableViewController.swift; sourceTree = "<group>"; };
		ADE9E2AC23410498000AE6F5 /* TableHeaderFooterView.swift */ = {isa = PBXFileReference; lastKnownFileType = sourcecode.swift; name = TableHeaderFooterView.swift; path = /Users/nkakkar/iOS/QuickReps/QuickReps/TableHeaderFooterView.swift; sourceTree = "<absolute>"; };
		BF355E7841F451025D746FF5 /* Pods-QuickReps.release.xcconfig */ = {isa = PBXFileReference; includeInIndex = 1; lastKnownFileType = text.xcconfig; name = "Pods-QuickReps.release.xcconfig"; path = "Target Support Files/Pods-QuickReps/Pods-QuickReps.release.xcconfig"; sourceTree = "<group>"; };
		E00A6B23BB3AC46744610B1D /* Pods-QuickReps-QuickRepsUITests.debug.xcconfig */ = {isa = PBXFileReference; includeInIndex = 1; lastKnownFileType = text.xcconfig; name = "Pods-QuickReps-QuickRepsUITests.debug.xcconfig"; path = "Target Support Files/Pods-QuickReps-QuickRepsUITests/Pods-QuickReps-QuickRepsUITests.debug.xcconfig"; sourceTree = "<group>"; };
		EED3C30D15E4AE2CB695EB31 /* Pods_QuickRepsTests.framework */ = {isa = PBXFileReference; explicitFileType = wrapper.framework; includeInIndex = 0; path = Pods_QuickRepsTests.framework; sourceTree = BUILT_PRODUCTS_DIR; };
		F78052F184E31144C1097071 /* Pods-QuickReps-QuickRepsUITests.release.xcconfig */ = {isa = PBXFileReference; includeInIndex = 1; lastKnownFileType = text.xcconfig; name = "Pods-QuickReps-QuickRepsUITests.release.xcconfig"; path = "Target Support Files/Pods-QuickReps-QuickRepsUITests/Pods-QuickReps-QuickRepsUITests.release.xcconfig"; sourceTree = "<group>"; };
/* End PBXFileReference section */

/* Begin PBXFrameworksBuildPhase section */
		ADE6CF0D231C09F400BC793E /* Frameworks */ = {
			isa = PBXFrameworksBuildPhase;
			buildActionMask = 2147483647;
			files = (
				B61A5E202D148837325288AA /* Pods_QuickReps.framework in Frameworks */,
			);
			runOnlyForDeploymentPostprocessing = 0;
		};
		ADE6CF24231C09F600BC793E /* Frameworks */ = {
			isa = PBXFrameworksBuildPhase;
			buildActionMask = 2147483647;
			files = (
				076906FB0BB72B5FEC5E29A9 /* Pods_QuickRepsTests.framework in Frameworks */,
			);
			runOnlyForDeploymentPostprocessing = 0;
		};
		ADE6CF2F231C09F600BC793E /* Frameworks */ = {
			isa = PBXFrameworksBuildPhase;
			buildActionMask = 2147483647;
			files = (
				A408A3A96A9C95DE6F17F21A /* Pods_QuickReps_QuickRepsUITests.framework in Frameworks */,
			);
			runOnlyForDeploymentPostprocessing = 0;
		};
/* End PBXFrameworksBuildPhase section */

/* Begin PBXGroup section */
		0231FAA25B39C222FFF38C0F /* Frameworks */ = {
			isa = PBXGroup;
			children = (
				4BCF676BC08F1E3D67B0E410 /* Pods_QuickReps.framework */,
				9FB0ACEFE4432A797797489B /* Pods_QuickReps_QuickRepsUITests.framework */,
				EED3C30D15E4AE2CB695EB31 /* Pods_QuickRepsTests.framework */,
			);
			name = Frameworks;
			sourceTree = "<group>";
		};
		ADE6CF07231C09F400BC793E = {
			isa = PBXGroup;
			children = (
				ADE6CF12231C09F400BC793E /* QuickReps */,
				ADE6CF2A231C09F600BC793E /* QuickRepsTests */,
				ADE6CF35231C09F600BC793E /* QuickRepsUITests */,
				ADE6CF11231C09F400BC793E /* Products */,
				BC504741ABACE22B3950D4C3 /* Pods */,
				0231FAA25B39C222FFF38C0F /* Frameworks */,
			);
			sourceTree = "<group>";
		};
		ADE6CF11231C09F400BC793E /* Products */ = {
			isa = PBXGroup;
			children = (
				ADE6CF10231C09F400BC793E /* QuickReps.app */,
				ADE6CF27231C09F600BC793E /* QuickRepsTests.xctest */,
				ADE6CF32231C09F600BC793E /* QuickRepsUITests.xctest */,
			);
			name = Products;
			sourceTree = "<group>";
		};
		ADE6CF12231C09F400BC793E /* QuickReps */ = {
			isa = PBXGroup;
			children = (
				ADE6CF13231C09F400BC793E /* AppDelegate.swift */,
				ADE6CF15231C09F400BC793E /* ViewController.swift */,
				AD474065233E8F22003F455C /* Queue.swift */,
				ADE6CF44231C0EF600BC793E /* CardStackView.swift */,
				ADE9E2AC23410498000AE6F5 /* TableHeaderFooterView.swift */,
				AD474069233F65B5003F455C /* UILabelX.swift */,
				AD54219A235B51BB0020442D /* StringExtension.swift */,
				ADC56C182343D916005D0212 /* UITextViewX.swift */,
				ADE6CF17231C09F400BC793E /* Main.storyboard */,
				ADBBD14523340855007B9366 /* EditCardStackView.swift */,
				ADC56C1A2343DE9A005D0212 /* ColorManager.swift */,
				ADBBD143233407C4007B9366 /* EditCardViewController.swift */,
				ADE6CF482332C5F100BC793E /* CardTableViewController.swift */,
				AD44895B233648E2009FBB98 /* CardDataController.swift */,
				AD474067233E9AF9003F455C /* UserManager.swift */,
				ADE6CF46231C20E200BC793E /* Card.swift */,
				ADE6CF1D231C09F600BC793E /* Assets.xcassets */,
				ADE6CF1F231C09F600BC793E /* LaunchScreen.storyboard */,
				ADE6CF22231C09F600BC793E /* Info.plist */,
				ADE6CF1A231C09F400BC793E /* QuickReps.xcdatamodeld */,
			);
			path = QuickReps;
			sourceTree = "<group>";
		};
		ADE6CF2A231C09F600BC793E /* QuickRepsTests */ = {
			isa = PBXGroup;
			children = (
				ADE6CF2B231C09F600BC793E /* QuickRepsTests.swift */,
				AD20CC69234A2AB8007FFD17 /* CardDataControllerTests.swift */,
				ADE6CF2D231C09F600BC793E /* Info.plist */,
			);
			path = QuickRepsTests;
			sourceTree = "<group>";
		};
		ADE6CF35231C09F600BC793E /* QuickRepsUITests */ = {
			isa = PBXGroup;
			children = (
				ADE6CF36231C09F600BC793E /* QuickRepsUITests.swift */,
				ADE6CF38231C09F600BC793E /* Info.plist */,
			);
			path = QuickRepsUITests;
			sourceTree = "<group>";
		};
		BC504741ABACE22B3950D4C3 /* Pods */ = {
			isa = PBXGroup;
			children = (
				911819161E95DF52B80487F6 /* Pods-QuickReps.debug.xcconfig */,
				BF355E7841F451025D746FF5 /* Pods-QuickReps.release.xcconfig */,
				E00A6B23BB3AC46744610B1D /* Pods-QuickReps-QuickRepsUITests.debug.xcconfig */,
				F78052F184E31144C1097071 /* Pods-QuickReps-QuickRepsUITests.release.xcconfig */,
				5F5C9A7EF886A1BFD9925A6E /* Pods-QuickRepsTests.debug.xcconfig */,
				AA70B54C38DD98A214BB100F /* Pods-QuickRepsTests.release.xcconfig */,
			);
			path = Pods;
			sourceTree = "<group>";
		};
/* End PBXGroup section */

/* Begin PBXNativeTarget section */
		ADE6CF0F231C09F400BC793E /* QuickReps */ = {
			isa = PBXNativeTarget;
			buildConfigurationList = ADE6CF3B231C09F600BC793E /* Build configuration list for PBXNativeTarget "QuickReps" */;
			buildPhases = (
				0BE6293A6BE87EB28B943C47 /* [CP] Check Pods Manifest.lock */,
				ADE6CF0C231C09F400BC793E /* Sources */,
				ADE6CF0D231C09F400BC793E /* Frameworks */,
				ADE6CF0E231C09F400BC793E /* Resources */,
				6AA9D7194810B285BCDBAD70 /* [CP] Embed Pods Frameworks */,
			);
			buildRules = (
			);
			dependencies = (
			);
			name = QuickReps;
			productName = QuickReps;
			productReference = ADE6CF10231C09F400BC793E /* QuickReps.app */;
			productType = "com.apple.product-type.application";
		};
		ADE6CF26231C09F600BC793E /* QuickRepsTests */ = {
			isa = PBXNativeTarget;
			buildConfigurationList = ADE6CF3E231C09F600BC793E /* Build configuration list for PBXNativeTarget "QuickRepsTests" */;
			buildPhases = (
				D9D3E2022E4E78ED64EEA961 /* [CP] Check Pods Manifest.lock */,
				ADE6CF23231C09F600BC793E /* Sources */,
				ADE6CF24231C09F600BC793E /* Frameworks */,
				ADE6CF25231C09F600BC793E /* Resources */,
			);
			buildRules = (
			);
			dependencies = (
				ADE6CF29231C09F600BC793E /* PBXTargetDependency */,
			);
			name = QuickRepsTests;
			productName = QuickRepsTests;
			productReference = ADE6CF27231C09F600BC793E /* QuickRepsTests.xctest */;
			productType = "com.apple.product-type.bundle.unit-test";
		};
		ADE6CF31231C09F600BC793E /* QuickRepsUITests */ = {
			isa = PBXNativeTarget;
			buildConfigurationList = ADE6CF41231C09F600BC793E /* Build configuration list for PBXNativeTarget "QuickRepsUITests" */;
			buildPhases = (
				BF9762271362C5D1B92BF8E2 /* [CP] Check Pods Manifest.lock */,
				ADE6CF2E231C09F600BC793E /* Sources */,
				ADE6CF2F231C09F600BC793E /* Frameworks */,
				ADE6CF30231C09F600BC793E /* Resources */,
				D61B19F71A906B1E12886373 /* [CP] Embed Pods Frameworks */,
			);
			buildRules = (
			);
			dependencies = (
				ADE6CF34231C09F600BC793E /* PBXTargetDependency */,
			);
			name = QuickRepsUITests;
			productName = QuickRepsUITests;
			productReference = ADE6CF32231C09F600BC793E /* QuickRepsUITests.xctest */;
			productType = "com.apple.product-type.bundle.ui-testing";
		};
/* End PBXNativeTarget section */

/* Begin PBXProject section */
		ADE6CF08231C09F400BC793E /* Project object */ = {
			isa = PBXProject;
			attributes = {
				LastSwiftUpdateCheck = 1030;
				LastUpgradeCheck = 1030;
				ORGANIZATIONNAME = neilkakkar;
				TargetAttributes = {
					ADE6CF0F231C09F400BC793E = {
						CreatedOnToolsVersion = 10.3;
					};
					ADE6CF26231C09F600BC793E = {
						CreatedOnToolsVersion = 10.3;
						TestTargetID = ADE6CF0F231C09F400BC793E;
					};
					ADE6CF31231C09F600BC793E = {
						CreatedOnToolsVersion = 10.3;
						TestTargetID = ADE6CF0F231C09F400BC793E;
					};
				};
			};
			buildConfigurationList = ADE6CF0B231C09F400BC793E /* Build configuration list for PBXProject "QuickReps" */;
			compatibilityVersion = "Xcode 9.3";
			developmentRegion = en;
			hasScannedForEncodings = 0;
			knownRegions = (
				en,
				Base,
			);
			mainGroup = ADE6CF07231C09F400BC793E;
			productRefGroup = ADE6CF11231C09F400BC793E /* Products */;
			projectDirPath = "";
			projectRoot = "";
			targets = (
				ADE6CF0F231C09F400BC793E /* QuickReps */,
				ADE6CF26231C09F600BC793E /* QuickRepsTests */,
				ADE6CF31231C09F600BC793E /* QuickRepsUITests */,
			);
		};
/* End PBXProject section */

/* Begin PBXResourcesBuildPhase section */
		ADE6CF0E231C09F400BC793E /* Resources */ = {
			isa = PBXResourcesBuildPhase;
			buildActionMask = 2147483647;
			files = (
				ADE6CF21231C09F600BC793E /* LaunchScreen.storyboard in Resources */,
				ADE6CF1E231C09F600BC793E /* Assets.xcassets in Resources */,
				ADE6CF19231C09F400BC793E /* Main.storyboard in Resources */,
			);
			runOnlyForDeploymentPostprocessing = 0;
		};
		ADE6CF25231C09F600BC793E /* Resources */ = {
			isa = PBXResourcesBuildPhase;
			buildActionMask = 2147483647;
			files = (
			);
			runOnlyForDeploymentPostprocessing = 0;
		};
		ADE6CF30231C09F600BC793E /* Resources */ = {
			isa = PBXResourcesBuildPhase;
			buildActionMask = 2147483647;
			files = (
			);
			runOnlyForDeploymentPostprocessing = 0;
		};
/* End PBXResourcesBuildPhase section */

/* Begin PBXShellScriptBuildPhase section */
		0BE6293A6BE87EB28B943C47 /* [CP] Check Pods Manifest.lock */ = {
			isa = PBXShellScriptBuildPhase;
			buildActionMask = 2147483647;
			files = (
			);
			inputFileListPaths = (
			);
			inputPaths = (
				"${PODS_PODFILE_DIR_PATH}/Podfile.lock",
				"${PODS_ROOT}/Manifest.lock",
			);
			name = "[CP] Check Pods Manifest.lock";
			outputFileListPaths = (
			);
			outputPaths = (
				"$(DERIVED_FILE_DIR)/Pods-QuickReps-checkManifestLockResult.txt",
			);
			runOnlyForDeploymentPostprocessing = 0;
			shellPath = /bin/sh;
			shellScript = "diff \"${PODS_PODFILE_DIR_PATH}/Podfile.lock\" \"${PODS_ROOT}/Manifest.lock\" > /dev/null\nif [ $? != 0 ] ; then\n    # print error to STDERR\n    echo \"error: The sandbox is not in sync with the Podfile.lock. Run 'pod install' or update your CocoaPods installation.\" >&2\n    exit 1\nfi\n# This output is used by Xcode 'outputs' to avoid re-running this script phase.\necho \"SUCCESS\" > \"${SCRIPT_OUTPUT_FILE_0}\"\n";
			showEnvVarsInLog = 0;
		};
		6AA9D7194810B285BCDBAD70 /* [CP] Embed Pods Frameworks */ = {
			isa = PBXShellScriptBuildPhase;
			buildActionMask = 2147483647;
			files = (
			);
			inputFileListPaths = (
				"${PODS_ROOT}/Target Support Files/Pods-QuickReps/Pods-QuickReps-frameworks-${CONFIGURATION}-input-files.xcfilelist",
			);
			name = "[CP] Embed Pods Frameworks";
			outputFileListPaths = (
				"${PODS_ROOT}/Target Support Files/Pods-QuickReps/Pods-QuickReps-frameworks-${CONFIGURATION}-output-files.xcfilelist",
			);
			runOnlyForDeploymentPostprocessing = 0;
			shellPath = /bin/sh;
			shellScript = "\"${PODS_ROOT}/Target Support Files/Pods-QuickReps/Pods-QuickReps-frameworks.sh\"\n";
			showEnvVarsInLog = 0;
		};
		BF9762271362C5D1B92BF8E2 /* [CP] Check Pods Manifest.lock */ = {
			isa = PBXShellScriptBuildPhase;
			buildActionMask = 2147483647;
			files = (
			);
			inputFileListPaths = (
			);
			inputPaths = (
				"${PODS_PODFILE_DIR_PATH}/Podfile.lock",
				"${PODS_ROOT}/Manifest.lock",
			);
			name = "[CP] Check Pods Manifest.lock";
			outputFileListPaths = (
			);
			outputPaths = (
				"$(DERIVED_FILE_DIR)/Pods-QuickReps-QuickRepsUITests-checkManifestLockResult.txt",
			);
			runOnlyForDeploymentPostprocessing = 0;
			shellPath = /bin/sh;
			shellScript = "diff \"${PODS_PODFILE_DIR_PATH}/Podfile.lock\" \"${PODS_ROOT}/Manifest.lock\" > /dev/null\nif [ $? != 0 ] ; then\n    # print error to STDERR\n    echo \"error: The sandbox is not in sync with the Podfile.lock. Run 'pod install' or update your CocoaPods installation.\" >&2\n    exit 1\nfi\n# This output is used by Xcode 'outputs' to avoid re-running this script phase.\necho \"SUCCESS\" > \"${SCRIPT_OUTPUT_FILE_0}\"\n";
			showEnvVarsInLog = 0;
		};
		D61B19F71A906B1E12886373 /* [CP] Embed Pods Frameworks */ = {
			isa = PBXShellScriptBuildPhase;
			buildActionMask = 2147483647;
			files = (
			);
			inputFileListPaths = (
				"${PODS_ROOT}/Target Support Files/Pods-QuickReps-QuickRepsUITests/Pods-QuickReps-QuickRepsUITests-frameworks-${CONFIGURATION}-input-files.xcfilelist",
			);
			name = "[CP] Embed Pods Frameworks";
			outputFileListPaths = (
				"${PODS_ROOT}/Target Support Files/Pods-QuickReps-QuickRepsUITests/Pods-QuickReps-QuickRepsUITests-frameworks-${CONFIGURATION}-output-files.xcfilelist",
			);
			runOnlyForDeploymentPostprocessing = 0;
			shellPath = /bin/sh;
			shellScript = "\"${PODS_ROOT}/Target Support Files/Pods-QuickReps-QuickRepsUITests/Pods-QuickReps-QuickRepsUITests-frameworks.sh\"\n";
			showEnvVarsInLog = 0;
		};
		D9D3E2022E4E78ED64EEA961 /* [CP] Check Pods Manifest.lock */ = {
			isa = PBXShellScriptBuildPhase;
			buildActionMask = 2147483647;
			files = (
			);
			inputFileListPaths = (
			);
			inputPaths = (
				"${PODS_PODFILE_DIR_PATH}/Podfile.lock",
				"${PODS_ROOT}/Manifest.lock",
			);
			name = "[CP] Check Pods Manifest.lock";
			outputFileListPaths = (
			);
			outputPaths = (
				"$(DERIVED_FILE_DIR)/Pods-QuickRepsTests-checkManifestLockResult.txt",
			);
			runOnlyForDeploymentPostprocessing = 0;
			shellPath = /bin/sh;
			shellScript = "diff \"${PODS_PODFILE_DIR_PATH}/Podfile.lock\" \"${PODS_ROOT}/Manifest.lock\" > /dev/null\nif [ $? != 0 ] ; then\n    # print error to STDERR\n    echo \"error: The sandbox is not in sync with the Podfile.lock. Run 'pod install' or update your CocoaPods installation.\" >&2\n    exit 1\nfi\n# This output is used by Xcode 'outputs' to avoid re-running this script phase.\necho \"SUCCESS\" > \"${SCRIPT_OUTPUT_FILE_0}\"\n";
			showEnvVarsInLog = 0;
		};
/* End PBXShellScriptBuildPhase section */

/* Begin PBXSourcesBuildPhase section */
		ADE6CF0C231C09F400BC793E /* Sources */ = {
			isa = PBXSourcesBuildPhase;
			buildActionMask = 2147483647;
			files = (
				ADE6CF1C231C09F400BC793E /* QuickReps.xcdatamodeld in Sources */,
				ADE6CF45231C0EF600BC793E /* CardStackView.swift in Sources */,
				AD44895C233648E2009FBB98 /* CardDataController.swift in Sources */,
				AD47406A233F65B5003F455C /* UILabelX.swift in Sources */,
				ADE6CF47231C20E200BC793E /* Card.swift in Sources */,
				ADBBD14623340855007B9366 /* EditCardStackView.swift in Sources */,
				ADC56C1B2343DE9A005D0212 /* ColorManager.swift in Sources */,
				ADC56C192343D916005D0212 /* UITextViewX.swift in Sources */,
				ADE9E2AD23410498000AE6F5 /* TableHeaderFooterView.swift in Sources */,
				AD474066233E8F22003F455C /* Queue.swift in Sources */,
				ADE6CF16231C09F400BC793E /* ViewController.swift in Sources */,
				ADBBD144233407C4007B9366 /* EditCardViewController.swift in Sources */,
				AD54219B235B51BB0020442D /* StringExtension.swift in Sources */,
				ADE6CF14231C09F400BC793E /* AppDelegate.swift in Sources */,
				AD474068233E9AF9003F455C /* UserManager.swift in Sources */,
				ADE6CF492332C5F100BC793E /* CardTableViewController.swift in Sources */,
			);
			runOnlyForDeploymentPostprocessing = 0;
		};
		ADE6CF23231C09F600BC793E /* Sources */ = {
			isa = PBXSourcesBuildPhase;
			buildActionMask = 2147483647;
			files = (
				ADE6CF2C231C09F600BC793E /* QuickRepsTests.swift in Sources */,
				AD20CC6A234A2AB8007FFD17 /* CardDataControllerTests.swift in Sources */,
			);
			runOnlyForDeploymentPostprocessing = 0;
		};
		ADE6CF2E231C09F600BC793E /* Sources */ = {
			isa = PBXSourcesBuildPhase;
			buildActionMask = 2147483647;
			files = (
				ADE6CF37231C09F600BC793E /* QuickRepsUITests.swift in Sources */,
			);
			runOnlyForDeploymentPostprocessing = 0;
		};
/* End PBXSourcesBuildPhase section */

/* Begin PBXTargetDependency section */
		ADE6CF29231C09F600BC793E /* PBXTargetDependency */ = {
			isa = PBXTargetDependency;
			target = ADE6CF0F231C09F400BC793E /* QuickReps */;
			targetProxy = ADE6CF28231C09F600BC793E /* PBXContainerItemProxy */;
		};
		ADE6CF34231C09F600BC793E /* PBXTargetDependency */ = {
			isa = PBXTargetDependency;
			target = ADE6CF0F231C09F400BC793E /* QuickReps */;
			targetProxy = ADE6CF33231C09F600BC793E /* PBXContainerItemProxy */;
		};
/* End PBXTargetDependency section */

/* Begin PBXVariantGroup section */
		ADE6CF17231C09F400BC793E /* Main.storyboard */ = {
			isa = PBXVariantGroup;
			children = (
				ADE6CF18231C09F400BC793E /* Base */,
			);
			name = Main.storyboard;
			sourceTree = "<group>";
		};
		ADE6CF1F231C09F600BC793E /* LaunchScreen.storyboard */ = {
			isa = PBXVariantGroup;
			children = (
				ADE6CF20231C09F600BC793E /* Base */,
			);
			name = LaunchScreen.storyboard;
			sourceTree = "<group>";
		};
/* End PBXVariantGroup section */

/* Begin XCBuildConfiguration section */
		ADE6CF39231C09F600BC793E /* Debug */ = {
			isa = XCBuildConfiguration;
			buildSettings = {
				ALWAYS_SEARCH_USER_PATHS = NO;
				CLANG_ANALYZER_NONNULL = YES;
				CLANG_ANALYZER_NUMBER_OBJECT_CONVERSION = YES_AGGRESSIVE;
				CLANG_CXX_LANGUAGE_STANDARD = "gnu++14";
				CLANG_CXX_LIBRARY = "libc++";
				CLANG_ENABLE_MODULES = YES;
				CLANG_ENABLE_OBJC_ARC = YES;
				CLANG_ENABLE_OBJC_WEAK = YES;
				CLANG_WARN_BLOCK_CAPTURE_AUTORELEASING = YES;
				CLANG_WARN_BOOL_CONVERSION = YES;
				CLANG_WARN_COMMA = YES;
				CLANG_WARN_CONSTANT_CONVERSION = YES;
				CLANG_WARN_DEPRECATED_OBJC_IMPLEMENTATIONS = YES;
				CLANG_WARN_DIRECT_OBJC_ISA_USAGE = YES_ERROR;
				CLANG_WARN_DOCUMENTATION_COMMENTS = YES;
				CLANG_WARN_EMPTY_BODY = YES;
				CLANG_WARN_ENUM_CONVERSION = YES;
				CLANG_WARN_INFINITE_RECURSION = YES;
				CLANG_WARN_INT_CONVERSION = YES;
				CLANG_WARN_NON_LITERAL_NULL_CONVERSION = YES;
				CLANG_WARN_OBJC_IMPLICIT_RETAIN_SELF = YES;
				CLANG_WARN_OBJC_LITERAL_CONVERSION = YES;
				CLANG_WARN_OBJC_ROOT_CLASS = YES_ERROR;
				CLANG_WARN_RANGE_LOOP_ANALYSIS = YES;
				CLANG_WARN_STRICT_PROTOTYPES = YES;
				CLANG_WARN_SUSPICIOUS_MOVE = YES;
				CLANG_WARN_UNGUARDED_AVAILABILITY = YES_AGGRESSIVE;
				CLANG_WARN_UNREACHABLE_CODE = YES;
				CLANG_WARN__DUPLICATE_METHOD_MATCH = YES;
				CODE_SIGN_IDENTITY = "iPhone Developer";
				COPY_PHASE_STRIP = NO;
				DEBUG_INFORMATION_FORMAT = dwarf;
				ENABLE_STRICT_OBJC_MSGSEND = YES;
				ENABLE_TESTABILITY = YES;
				GCC_C_LANGUAGE_STANDARD = gnu11;
				GCC_DYNAMIC_NO_PIC = NO;
				GCC_NO_COMMON_BLOCKS = YES;
				GCC_OPTIMIZATION_LEVEL = 0;
				GCC_PREPROCESSOR_DEFINITIONS = (
					"DEBUG=1",
					"$(inherited)",
				);
				GCC_WARN_64_TO_32_BIT_CONVERSION = YES;
				GCC_WARN_ABOUT_RETURN_TYPE = YES_ERROR;
				GCC_WARN_UNDECLARED_SELECTOR = YES;
				GCC_WARN_UNINITIALIZED_AUTOS = YES_AGGRESSIVE;
				GCC_WARN_UNUSED_FUNCTION = YES;
				GCC_WARN_UNUSED_VARIABLE = YES;
				IPHONEOS_DEPLOYMENT_TARGET = 12.0;
				MTL_ENABLE_DEBUG_INFO = INCLUDE_SOURCE;
				MTL_FAST_MATH = YES;
				ONLY_ACTIVE_ARCH = YES;
				SDKROOT = iphoneos;
				SWIFT_ACTIVE_COMPILATION_CONDITIONS = DEBUG;
				SWIFT_OPTIMIZATION_LEVEL = "-Onone";
			};
			name = Debug;
		};
		ADE6CF3A231C09F600BC793E /* Release */ = {
			isa = XCBuildConfiguration;
			buildSettings = {
				ALWAYS_SEARCH_USER_PATHS = NO;
				CLANG_ANALYZER_NONNULL = YES;
				CLANG_ANALYZER_NUMBER_OBJECT_CONVERSION = YES_AGGRESSIVE;
				CLANG_CXX_LANGUAGE_STANDARD = "gnu++14";
				CLANG_CXX_LIBRARY = "libc++";
				CLANG_ENABLE_MODULES = YES;
				CLANG_ENABLE_OBJC_ARC = YES;
				CLANG_ENABLE_OBJC_WEAK = YES;
				CLANG_WARN_BLOCK_CAPTURE_AUTORELEASING = YES;
				CLANG_WARN_BOOL_CONVERSION = YES;
				CLANG_WARN_COMMA = YES;
				CLANG_WARN_CONSTANT_CONVERSION = YES;
				CLANG_WARN_DEPRECATED_OBJC_IMPLEMENTATIONS = YES;
				CLANG_WARN_DIRECT_OBJC_ISA_USAGE = YES_ERROR;
				CLANG_WARN_DOCUMENTATION_COMMENTS = YES;
				CLANG_WARN_EMPTY_BODY = YES;
				CLANG_WARN_ENUM_CONVERSION = YES;
				CLANG_WARN_INFINITE_RECURSION = YES;
				CLANG_WARN_INT_CONVERSION = YES;
				CLANG_WARN_NON_LITERAL_NULL_CONVERSION = YES;
				CLANG_WARN_OBJC_IMPLICIT_RETAIN_SELF = YES;
				CLANG_WARN_OBJC_LITERAL_CONVERSION = YES;
				CLANG_WARN_OBJC_ROOT_CLASS = YES_ERROR;
				CLANG_WARN_RANGE_LOOP_ANALYSIS = YES;
				CLANG_WARN_STRICT_PROTOTYPES = YES;
				CLANG_WARN_SUSPICIOUS_MOVE = YES;
				CLANG_WARN_UNGUARDED_AVAILABILITY = YES_AGGRESSIVE;
				CLANG_WARN_UNREACHABLE_CODE = YES;
				CLANG_WARN__DUPLICATE_METHOD_MATCH = YES;
				CODE_SIGN_IDENTITY = "iPhone Developer";
				COPY_PHASE_STRIP = NO;
				DEBUG_INFORMATION_FORMAT = "dwarf-with-dsym";
				ENABLE_NS_ASSERTIONS = NO;
				ENABLE_STRICT_OBJC_MSGSEND = YES;
				GCC_C_LANGUAGE_STANDARD = gnu11;
				GCC_NO_COMMON_BLOCKS = YES;
				GCC_WARN_64_TO_32_BIT_CONVERSION = YES;
				GCC_WARN_ABOUT_RETURN_TYPE = YES_ERROR;
				GCC_WARN_UNDECLARED_SELECTOR = YES;
				GCC_WARN_UNINITIALIZED_AUTOS = YES_AGGRESSIVE;
				GCC_WARN_UNUSED_FUNCTION = YES;
				GCC_WARN_UNUSED_VARIABLE = YES;
				IPHONEOS_DEPLOYMENT_TARGET = 12.0;
				MTL_ENABLE_DEBUG_INFO = NO;
				MTL_FAST_MATH = YES;
				SDKROOT = iphoneos;
				SWIFT_COMPILATION_MODE = wholemodule;
				SWIFT_OPTIMIZATION_LEVEL = "-O";
				VALIDATE_PRODUCT = YES;
			};
			name = Release;
		};
		ADE6CF3C231C09F600BC793E /* Debug */ = {
			isa = XCBuildConfiguration;
			baseConfigurationReference = 911819161E95DF52B80487F6 /* Pods-QuickReps.debug.xcconfig */;
			buildSettings = {
				ASSETCATALOG_COMPILER_APPICON_NAME = appIcon2;
				CODE_SIGN_STYLE = Automatic;
				DEVELOPMENT_TEAM = 756FRAXTT8;
				INFOPLIST_FILE = QuickReps/Info.plist;
				IPHONEOS_DEPLOYMENT_TARGET = 12.0;
				LD_RUNPATH_SEARCH_PATHS = (
					"$(inherited)",
					"@executable_path/Frameworks",
				);
				PRODUCT_BUNDLE_IDENTIFIER = com.neilkakkar.QuickReps;
				PRODUCT_NAME = "$(TARGET_NAME)";
				SWIFT_VERSION = 5.0;
				TARGETED_DEVICE_FAMILY = "1,2";
			};
			name = Debug;
		};
		ADE6CF3D231C09F600BC793E /* Release */ = {
			isa = XCBuildConfiguration;
			baseConfigurationReference = BF355E7841F451025D746FF5 /* Pods-QuickReps.release.xcconfig */;
			buildSettings = {
				ASSETCATALOG_COMPILER_APPICON_NAME = appIcon2;
				CODE_SIGN_STYLE = Automatic;
				DEVELOPMENT_TEAM = 756FRAXTT8;
				INFOPLIST_FILE = QuickReps/Info.plist;
				IPHONEOS_DEPLOYMENT_TARGET = 12.0;
				LD_RUNPATH_SEARCH_PATHS = (
					"$(inherited)",
					"@executable_path/Frameworks",
				);
				PRODUCT_BUNDLE_IDENTIFIER = com.neilkakkar.QuickReps;
				PRODUCT_NAME = "$(TARGET_NAME)";
				SWIFT_VERSION = 5.0;
				TARGETED_DEVICE_FAMILY = "1,2";
			};
			name = Release;
		};
		ADE6CF3F231C09F600BC793E /* Debug */ = {
			isa = XCBuildConfiguration;
			baseConfigurationReference = 5F5C9A7EF886A1BFD9925A6E /* Pods-QuickRepsTests.debug.xcconfig */;
			buildSettings = {
				ALWAYS_EMBED_SWIFT_STANDARD_LIBRARIES = YES;
				BUNDLE_LOADER = "$(TEST_HOST)";
				CODE_SIGN_STYLE = Automatic;
				INFOPLIST_FILE = QuickRepsTests/Info.plist;
				LD_RUNPATH_SEARCH_PATHS = (
					"$(inherited)",
					"@executable_path/Frameworks",
					"@loader_path/Frameworks",
				);
				PRODUCT_BUNDLE_IDENTIFIER = com.neilkakkar.QuickRepsTests;
				PRODUCT_NAME = "$(TARGET_NAME)";
				SWIFT_VERSION = 5.0;
				TARGETED_DEVICE_FAMILY = "1,2";
				TEST_HOST = "$(BUILT_PRODUCTS_DIR)/QuickReps.app/QuickReps";
			};
			name = Debug;
		};
		ADE6CF40231C09F600BC793E /* Release */ = {
			isa = XCBuildConfiguration;
			baseConfigurationReference = AA70B54C38DD98A214BB100F /* Pods-QuickRepsTests.release.xcconfig */;
			buildSettings = {
				ALWAYS_EMBED_SWIFT_STANDARD_LIBRARIES = YES;
				BUNDLE_LOADER = "$(TEST_HOST)";
				CODE_SIGN_STYLE = Automatic;
				INFOPLIST_FILE = QuickRepsTests/Info.plist;
				LD_RUNPATH_SEARCH_PATHS = (
					"$(inherited)",
					"@executable_path/Frameworks",
					"@loader_path/Frameworks",
				);
				PRODUCT_BUNDLE_IDENTIFIER = com.neilkakkar.QuickRepsTests;
				PRODUCT_NAME = "$(TARGET_NAME)";
				SWIFT_VERSION = 5.0;
				TARGETED_DEVICE_FAMILY = "1,2";
				TEST_HOST = "$(BUILT_PRODUCTS_DIR)/QuickReps.app/QuickReps";
			};
			name = Release;
		};
		ADE6CF42231C09F600BC793E /* Debug */ = {
			isa = XCBuildConfiguration;
			baseConfigurationReference = E00A6B23BB3AC46744610B1D /* Pods-QuickReps-QuickRepsUITests.debug.xcconfig */;
			buildSettings = {
				ALWAYS_EMBED_SWIFT_STANDARD_LIBRARIES = YES;
				CODE_SIGN_STYLE = Automatic;
				INFOPLIST_FILE = QuickRepsUITests/Info.plist;
				LD_RUNPATH_SEARCH_PATHS = (
					"$(inherited)",
					"@executable_path/Frameworks",
					"@loader_path/Frameworks",
				);
				PRODUCT_BUNDLE_IDENTIFIER = com.neilkakkar.QuickRepsUITests;
				PRODUCT_NAME = "$(TARGET_NAME)";
				SWIFT_VERSION = 5.0;
				TARGETED_DEVICE_FAMILY = "1,2";
				TEST_TARGET_NAME = QuickReps;
			};
			name = Debug;
		};
		ADE6CF43231C09F600BC793E /* Release */ = {
			isa = XCBuildConfiguration;
			baseConfigurationReference = F78052F184E31144C1097071 /* Pods-QuickReps-QuickRepsUITests.release.xcconfig */;
			buildSettings = {
				ALWAYS_EMBED_SWIFT_STANDARD_LIBRARIES = YES;
				CODE_SIGN_STYLE = Automatic;
				INFOPLIST_FILE = QuickRepsUITests/Info.plist;
				LD_RUNPATH_SEARCH_PATHS = (
					"$(inherited)",
					"@executable_path/Frameworks",
					"@loader_path/Frameworks",
				);
				PRODUCT_BUNDLE_IDENTIFIER = com.neilkakkar.QuickRepsUITests;
				PRODUCT_NAME = "$(TARGET_NAME)";
				SWIFT_VERSION = 5.0;
				TARGETED_DEVICE_FAMILY = "1,2";
				TEST_TARGET_NAME = QuickReps;
			};
			name = Release;
		};
/* End XCBuildConfiguration section */

/* Begin XCConfigurationList section */
		ADE6CF0B231C09F400BC793E /* Build configuration list for PBXProject "QuickReps" */ = {
			isa = XCConfigurationList;
			buildConfigurations = (
				ADE6CF39231C09F600BC793E /* Debug */,
				ADE6CF3A231C09F600BC793E /* Release */,
			);
			defaultConfigurationIsVisible = 0;
			defaultConfigurationName = Release;
		};
		ADE6CF3B231C09F600BC793E /* Build configuration list for PBXNativeTarget "QuickReps" */ = {
			isa = XCConfigurationList;
			buildConfigurations = (
				ADE6CF3C231C09F600BC793E /* Debug */,
				ADE6CF3D231C09F600BC793E /* Release */,
			);
			defaultConfigurationIsVisible = 0;
			defaultConfigurationName = Release;
		};
		ADE6CF3E231C09F600BC793E /* Build configuration list for PBXNativeTarget "QuickRepsTests" */ = {
			isa = XCConfigurationList;
			buildConfigurations = (
				ADE6CF3F231C09F600BC793E /* Debug */,
				ADE6CF40231C09F600BC793E /* Release */,
			);
			defaultConfigurationIsVisible = 0;
			defaultConfigurationName = Release;
		};
		ADE6CF41231C09F600BC793E /* Build configuration list for PBXNativeTarget "QuickRepsUITests" */ = {
			isa = XCConfigurationList;
			buildConfigurations = (
				ADE6CF42231C09F600BC793E /* Debug */,
				ADE6CF43231C09F600BC793E /* Release */,
			);
			defaultConfigurationIsVisible = 0;
			defaultConfigurationName = Release;
		};
/* End XCConfigurationList section */

/* Begin XCVersionGroup section */
		ADE6CF1A231C09F400BC793E /* QuickReps.xcdatamodeld */ = {
			isa = XCVersionGroup;
			children = (
				ADE6CF1B231C09F400BC793E /* QuickReps.xcdatamodel */,
			);
			currentVersion = ADE6CF1B231C09F400BC793E /* QuickReps.xcdatamodel */;
			path = QuickReps.xcdatamodeld;
			sourceTree = "<group>";
			versionGroupType = wrapper.xcdatamodel;
		};
/* End XCVersionGroup section */
	};
	rootObject = ADE6CF08231C09F400BC793E /* Project object */;
}
